
Microsoft Visual Studio Solution File, Format Version 12.00
# Visual Studio Version 16
VisualStudioVersion = 16.0.30204.135
MinimumVisualStudioVersion = 10.0.40219.1
Project("{F2A71F9B-5D33-465A-A702-920D77279786}") = "FSharpFibonacci", "FSharpFibonacci\FSharpFibonacci.fsproj", "{698275BC-2AC9-4F1D-8DD9-0CDC9EB1781E}"
EndProject
Global
	GlobalSection(SolutionConfigurationPlatforms) = preSolution
		Debug|Any CPU = Debug|Any CPU
		Release|Any CPU = Release|Any CPU
	EndGlobalSection
	GlobalSection(ProjectConfigurationPlatforms) = postSolution
		{698275BC-2AC9-4F1D-8DD9-0CDC9EB1781E}.Debug|Any CPU.ActiveCfg = Debug|Any CPU
		{698275BC-2AC9-4F1D-8DD9-0CDC9EB1781E}.Debug|Any CPU.Build.0 = Debug|Any CPU
		{698275BC-2AC9-4F1D-8DD9-0CDC9EB1781E}.Release|Any CPU.ActiveCfg = Release|Any CPU
		{698275BC-2AC9-4F1D-8DD9-0CDC9EB1781E}.Release|Any CPU.Build.0 = Release|Any CPU
	EndGlobalSection
	GlobalSection(SolutionProperties) = preSolution
		HideSolutionNode = FALSE
	EndGlobalSection
	GlobalSection(ExtensibilityGlobals) = postSolution
		SolutionGuid = {1C96E641-71DA-463A-9907-E9DABA6CB496}
	EndGlobalSection
EndGlobal
